// !$*UTF8*$!
{
	archiveVersion = 1;
	classes = {
	};
	objectVersion = 50;
	objects = {

/* Begin PBXBuildFile section */
		D9390A4624C540AC006DCAD0 /* AppDelegate.swift in Sources */ = {isa = PBXBuildFile; fileRef = D9390A4524C540AC006DCAD0 /* AppDelegate.swift */; };
		D9390A4824C540AC006DCAD0 /* SceneDelegate.swift in Sources */ = {isa = PBXBuildFile; fileRef = D9390A4724C540AC006DCAD0 /* SceneDelegate.swift */; };
		D9390A4A24C540AC006DCAD0 /* ViewController.swift in Sources */ = {isa = PBXBuildFile; fileRef = D9390A4924C540AC006DCAD0 /* ViewController.swift */; };
		D9390A4D24C540AC006DCAD0 /* Main.storyboard in Resources */ = {isa = PBXBuildFile; fileRef = D9390A4B24C540AC006DCAD0 /* Main.storyboard */; };
		D9390A4F24C540AF006DCAD0 /* Assets.xcassets in Resources */ = {isa = PBXBuildFile; fileRef = D9390A4E24C540AF006DCAD0 /* Assets.xcassets */; };
		D9390A5224C540AF006DCAD0 /* LaunchScreen.storyboard in Resources */ = {isa = PBXBuildFile; fileRef = D9390A5024C540AF006DCAD0 /* LaunchScreen.storyboard */; };
		D9390A5A24C54296006DCAD0 /* dataSource.swift in Sources */ = {isa = PBXBuildFile; fileRef = D9390A5924C54296006DCAD0 /* dataSource.swift */; };
/* End PBXBuildFile section */

/* Begin PBXFileReference section */
		D9390A4224C540AC006DCAD0 /* DataSource.app */ = {isa = PBXFileReference; explicitFileType = wrapper.application; includeInIndex = 0; path = DataSource.app; sourceTree = BUILT_PRODUCTS_DIR; };
		D9390A4524C540AC006DCAD0 /* AppDelegate.swift */ = {isa = PBXFileReference; lastKnownFileType = sourcecode.swift; path = AppDelegate.swift; sourceTree = "<group>"; };
		D9390A4724C540AC006DCAD0 /* SceneDelegate.swift */ = {isa = PBXFileReference; lastKnownFileType = sourcecode.swift; path = SceneDelegate.swift; sourceTree = "<group>"; };
		D9390A4924C540AC006DCAD0 /* ViewController.swift */ = {isa = PBXFileReference; lastKnownFileType = sourcecode.swift; path = ViewController.swift; sourceTree = "<group>"; };
		D9390A4C24C540AC006DCAD0 /* Base */ = {isa = PBXFileReference; lastKnownFileType = file.storyboard; name = Base; path = Base.lproj/Main.storyboard; sourceTree = "<group>"; };
		D9390A4E24C540AF006DCAD0 /* Assets.xcassets */ = {isa = PBXFileReference; lastKnownFileType = folder.assetcatalog; path = Assets.xcassets; sourceTree = "<group>"; };
		D9390A5124C540AF006DCAD0 /* Base */ = {isa = PBXFileReference; lastKnownFileType = file.storyboard; name = Base; path = Base.lproj/LaunchScreen.storyboard; sourceTree = "<group>"; };
		D9390A5324C540AF006DCAD0 /* Info.plist */ = {isa = PBXFileReference; lastKnownFileType = text.plist.xml; path = Info.plist; sourceTree = "<group>"; };
		D9390A5924C54296006DCAD0 /* dataSource.swift */ = {isa = PBXFileReference; lastKnownFileType = sourcecode.swift; path = dataSource.swift; sourceTree = "<group>"; };
/* End PBXFileReference section */

/* Begin PBXFrameworksBuildPhase section */
		D9390A3F24C540AC006DCAD0 /* Frameworks */ = {
			isa = PBXFrameworksBuildPhase;
			buildActionMask = 2147483647;
			files = (
			);
			runOnlyForDeploymentPostprocessing = 0;
		};
/* End PBXFrameworksBuildPhase section */

/* Begin PBXGroup section */
		D9390A3924C540AC006DCAD0 = {
			isa = PBXGroup;
			children = (
				D9390A4424C540AC006DCAD0 /* DataSource */,
				D9390A4324C540AC006DCAD0 /* Products */,
			);
			sourceTree = "<group>";
		};
		D9390A4324C540AC006DCAD0 /* Products */ = {
			isa = PBXGroup;
			children = (
				D9390A4224C540AC006DCAD0 /* DataSource.app */,
			);
			name = Products;
			sourceTree = "<group>";
		};
		D9390A4424C540AC006DCAD0 /* DataSource */ = {
			isa = PBXGroup;
			children = (
				D9390A4524C540AC006DCAD0 /* AppDelegate.swift */,
				D9390A4724C540AC006DCAD0 /* SceneDelegate.swift */,
				D9390A4924C540AC006DCAD0 /* ViewController.swift */,
				D9390A4B24C540AC006DCAD0 /* Main.storyboard */,
				D9390A4E24C540AF006DCAD0 /* Assets.xcassets */,
				D9390A5024C540AF006DCAD0 /* LaunchScreen.storyboard */,
				D9390A5324C540AF006DCAD0 /* Info.plist */,
				D9390A5924C54296006DCAD0 /* dataSource.swift */,
			);
			path = DataSource;
			sourceTree = "<group>";
		};
/* End PBXGroup section */

/* Begin PBXNativeTarget section */
		D9390A4124C540AC006DCAD0 /* DataSource */ = {
			isa = PBXNativeTarget;
			buildConfigurationList = D9390A5624C540AF006DCAD0 /* Build configuration list for PBXNativeTarget "DataSource" */;
			buildPhases = (
				D9390A3E24C540AC006DCAD0 /* Sources */,
				D9390A3F24C540AC006DCAD0 /* Frameworks */,
				D9390A4024C540AC006DCAD0 /* Resources */,
			);
			buildRules = (
			);
			dependencies = (
			);
			name = DataSource;
			productName = DataSource;
			productReference = D9390A4224C540AC006DCAD0 /* DataSource.app */;
			productType = "com.apple.product-type.application";
		};
/* End PBXNativeTarget section */

/* Begin PBXProject section */
		D9390A3A24C540AC006DCAD0 /* Project object */ = {
			isa = PBXProject;
			attributes = {
				LastSwiftUpdateCheck = 1150;
				LastUpgradeCheck = 1150;
				ORGANIZATIONNAME = nhn;
				TargetAttributes = {
					D9390A4124C540AC006DCAD0 = {
						CreatedOnToolsVersion = 11.5;
					};
				};
			};
			buildConfigurationList = D9390A3D24C540AC006DCAD0 /* Build configuration list for PBXProject "DataSource" */;
			compatibilityVersion = "Xcode 9.3";
			developmentRegion = en;
			hasScannedForEncodings = 0;
			knownRegions = (
				en,
				Base,
			);
			mainGroup = D9390A3924C540AC006DCAD0;
			productRefGroup = D9390A4324C540AC006DCAD0 /* Products */;
			projectDirPath = "";
			projectRoot = "";
			targets = (
				D9390A4124C540AC006DCAD0 /* DataSource */,
			);
		};
/* End PBXProject section */

/* Begin PBXResourcesBuildPhase section */
		D9390A4024C540AC006DCAD0 /* Resources */ = {
			isa = PBXResourcesBuildPhase;
			buildActionMask = 2147483647;
			files = (
				D9390A5224C540AF006DCAD0 /* LaunchScreen.storyboard in Resources */,
				D9390A4F24C540AF006DCAD0 /* Assets.xcassets in Resources */,
				D9390A4D24C540AC006DCAD0 /* Main.storyboard in Resources */,
			);
			runOnlyForDeploymentPostprocessing = 0;
		};
/* End PBXResourcesBuildPhase section */

/* Begin PBXSourcesBuildPhase section */
		D9390A3E24C540AC006DCAD0 /* Sources */ = {
			isa = PBXSourcesBuildPhase;
			buildActionMask = 2147483647;
			files = (
				D9390A4A24C540AC006DCAD0 /* ViewController.swift in Sources */,
				D9390A4624C540AC006DCAD0 /* AppDelegate.swift in Sources */,
				D9390A5A24C54296006DCAD0 /* dataSource.swift in Sources */,
				D9390A4824C540AC006DCAD0 /* SceneDelegate.swift in Sources */,
			);
			runOnlyForDeploymentPostprocessing = 0;
		};
/* End PBXSourcesBuildPhase section */

/* Begin PBXVariantGroup section */
		D9390A4B24C540AC006DCAD0 /* Main.storyboard */ = {
			isa = PBXVariantGroup;
			children = (
				D9390A4C24C540AC006DCAD0 /* Base */,
			);
			name = Main.storyboard;
			sourceTree = "<group>";
		};
		D9390A5024C540AF006DCAD0 /* LaunchScreen.storyboard */ = {
			isa = PBXVariantGroup;
			children = (
				D9390A5124C540AF006DCAD0 /* Base */,
			);
			name = LaunchScreen.storyboard;
			sourceTree = "<group>";
		};
/* End PBXVariantGroup section */

/* Begin XCBuildConfiguration section */
		D9390A5424C540AF006DCAD0 /* Debug */ = {
			isa = XCBuildConfiguration;
			buildSettings = {
				ALWAYS_SEARCH_USER_PATHS = NO;
				CLANG_ANALYZER_NONNULL = YES;
				CLANG_ANALYZER_NUMBER_OBJECT_CONVERSION = YES_AGGRESSIVE;
				CLANG_CXX_LANGUAGE_STANDARD = "gnu++14";
				CLANG_CXX_LIBRARY = "libc++";
				CLANG_ENABLE_MODULES = YES;
				CLANG_ENABLE_OBJC_ARC = YES;
				CLANG_ENABLE_OBJC_WEAK = YES;
				CLANG_WARN_BLOCK_CAPTURE_AUTORELEASING = YES;
				CLANG_WARN_BOOL_CONVERSION = YES;
				CLANG_WARN_COMMA = YES;
				CLANG_WARN_CONSTANT_CONVERSION = YES;
				CLANG_WARN_DEPRECATED_OBJC_IMPLEMENTATIONS = YES;
				CLANG_WARN_DIRECT_OBJC_ISA_USAGE = YES_ERROR;
				CLANG_WARN_DOCUMENTATION_COMMENTS = YES;
				CLANG_WARN_EMPTY_BODY = YES;
				CLANG_WARN_ENUM_CONVERSION = YES;
				CLANG_WARN_INFINITE_RECURSION = YES;
				CLANG_WARN_INT_CONVERSION = YES;
				CLANG_WARN_NON_LITERAL_NULL_CONVERSION = YES;
				CLANG_WARN_OBJC_IMPLICIT_RETAIN_SELF = YES;
				CLANG_WARN_OBJC_LITERAL_CONVERSION = YES;
				CLANG_WARN_OBJC_ROOT_CLASS = YES_ERROR;
				CLANG_WARN_RANGE_LOOP_ANALYSIS = YES;
				CLANG_WARN_STRICT_PROTOTYPES = YES;
				CLANG_WARN_SUSPICIOUS_MOVE = YES;
				CLANG_WARN_UNGUARDED_AVAILABILITY = YES_AGGRESSIVE;
				CLANG_WARN_UNREACHABLE_CODE = YES;
				CLANG_WARN__DUPLICATE_METHOD_MATCH = YES;
				COPY_PHASE_STRIP = NO;
				DEBUG_INFORMATION_FORMAT = dwarf;
				ENABLE_STRICT_OBJC_MSGSEND = YES;
				ENABLE_TESTABILITY = YES;
				GCC_C_LANGUAGE_STANDARD = gnu11;
				GCC_DYNAMIC_NO_PIC = NO;
				GCC_NO_COMMON_BLOCKS = YES;
				GCC_OPTIMIZATION_LEVEL = 0;
				GCC_PREPROCESSOR_DEFINITIONS = (
					"DEBUG=1",
					"$(inherited)",
				);
				GCC_WARN_64_TO_32_BIT_CONVERSION = YES;
				GCC_WARN_ABOUT_RETURN_TYPE = YES_ERROR;
				GCC_WARN_UNDECLARED_SELECTOR = YES;
				GCC_WARN_UNINITIALIZED_AUTOS = YES_AGGRESSIVE;
				GCC_WARN_UNUSED_FUNCTION = YES;
				GCC_WARN_UNUSED_VARIABLE = YES;
				IPHONEOS_DEPLOYMENT_TARGET = 13.5;
				MTL_ENABLE_DEBUG_INFO = INCLUDE_SOURCE;
				MTL_FAST_MATH = YES;
				ONLY_ACTIVE_ARCH = YES;
				SDKROOT = iphoneos;
				SWIFT_ACTIVE_COMPILATION_CONDITIONS = DEBUG;
				SWIFT_OPTIMIZATION_LEVEL = "-Onone";
			};
			name = Debug;
		};
		D9390A5524C540AF006DCAD0 /* Release */ = {
			isa = XCBuildConfiguration;
			buildSettings = {
				ALWAYS_SEARCH_USER_PATHS = NO;
				CLANG_ANALYZER_NONNULL = YES;
				CLANG_ANALYZER_NUMBER_OBJECT_CONVERSION = YES_AGGRESSIVE;
				CLANG_CXX_LANGUAGE_STANDARD = "gnu++14";
				CLANG_CXX_LIBRARY = "libc++";
				CLANG_ENABLE_MODULES = YES;
				CLANG_ENABLE_OBJC_ARC = YES;
				CLANG_ENABLE_OBJC_WEAK = YES;
				CLANG_WARN_BLOCK_CAPTURE_AUTORELEASING = YES;
				CLANG_WARN_BOOL_CONVERSION = YES;
				CLANG_WARN_COMMA = YES;
				CLANG_WARN_CONSTANT_CONVERSION = YES;
				CLANG_WARN_DEPRECATED_OBJC_IMPLEMENTATIONS = YES;
				CLANG_WARN_DIRECT_OBJC_ISA_USAGE = YES_ERROR;
				CLANG_WARN_DOCUMENTATION_COMMENTS = YES;
				CLANG_WARN_EMPTY_BODY = YES;
				CLANG_WARN_ENUM_CONVERSION = YES;
				CLANG_WARN_INFINITE_RECURSION = YES;
				CLANG_WARN_INT_CONVERSION = YES;
				CLANG_WARN_NON_LITERAL_NULL_CONVERSION = YES;
				CLANG_WARN_OBJC_IMPLICIT_RETAIN_SELF = YES;
				CLANG_WARN_OBJC_LITERAL_CONVERSION = YES;
				CLANG_WARN_OBJC_ROOT_CLASS = YES_ERROR;
				CLANG_WARN_RANGE_LOOP_ANALYSIS = YES;
				CLANG_WARN_STRICT_PROTOTYPES = YES;
				CLANG_WARN_SUSPICIOUS_MOVE = YES;
				CLANG_WARN_UNGUARDED_AVAILABILITY = YES_AGGRESSIVE;
				CLANG_WARN_UNREACHABLE_CODE = YES;
				CLANG_WARN__DUPLICATE_METHOD_MATCH = YES;
				COPY_PHASE_STRIP = NO;
				DEBUG_INFORMATION_FORMAT = "dwarf-with-dsym";
				ENABLE_NS_ASSERTIONS = NO;
				ENABLE_STRICT_OBJC_MSGSEND = YES;
				GCC_C_LANGUAGE_STANDARD = gnu11;
				GCC_NO_COMMON_BLOCKS = YES;
				GCC_WARN_64_TO_32_BIT_CONVERSION = YES;
				GCC_WARN_ABOUT_RETURN_TYPE = YES_ERROR;
				GCC_WARN_UNDECLARED_SELECTOR = YES;
				GCC_WARN_UNINITIALIZED_AUTOS = YES_AGGRESSIVE;
				GCC_WARN_UNUSED_FUNCTION = YES;
				GCC_WARN_UNUSED_VARIABLE = YES;
				IPHONEOS_DEPLOYMENT_TARGET = 13.5;
				MTL_ENABLE_DEBUG_INFO = NO;
				MTL_FAST_MATH = YES;
				SDKROOT = iphoneos;
				SWIFT_COMPILATION_MODE = wholemodule;
				SWIFT_OPTIMIZATION_LEVEL = "-O";
				VALIDATE_PRODUCT = YES;
			};
			name = Release;
		};
		D9390A5724C540AF006DCAD0 /* Debug */ = {
			isa = XCBuildConfiguration;
			buildSettings = {
				ASSETCATALOG_COMPILER_APPICON_NAME = AppIcon;
				CODE_SIGN_STYLE = Automatic;
				INFOPLIST_FILE = DataSource/Info.plist;
				LD_RUNPATH_SEARCH_PATHS = (
					"$(inherited)",
					"@executable_path/Frameworks",
				);
				PRODUCT_BUNDLE_IDENTIFIER = NHN.DataSource;
				PRODUCT_NAME = "$(TARGET_NAME)";
				SWIFT_VERSION = 5.0;
				TARGETED_DEVICE_FAMILY = "1,2";
			};
			name = Debug;
		};
		D9390A5824C540AF006DCAD0 /* Release */ = {
			isa = XCBuildConfiguration;
			buildSettings = {
				ASSETCATALOG_COMPILER_APPICON_NAME = AppIcon;
				CODE_SIGN_STYLE = Automatic;
				INFOPLIST_FILE = DataSource/Info.plist;
				LD_RUNPATH_SEARCH_PATHS = (
					"$(inherited)",
					"@executable_path/Frameworks",
				);
				PRODUCT_BUNDLE_IDENTIFIER = NHN.DataSource;
				PRODUCT_NAME = "$(TARGET_NAME)";
				SWIFT_VERSION = 5.0;
				TARGETED_DEVICE_FAMILY = "1,2";
			};
			name = Release;
		};
/* End XCBuildConfiguration section */

/* Begin XCConfigurationList section */
		D9390A3D24C540AC006DCAD0 /* Build configuration list for PBXProject "DataSource" */ = {
			isa = XCConfigurationList;
			buildConfigurations = (
				D9390A5424C540AF006DCAD0 /* Debug */,
				D9390A5524C540AF006DCAD0 /* Release */,
			);
			defaultConfigurationIsVisible = 0;
			defaultConfigurationName = Release;
		};
		D9390A5624C540AF006DCAD0 /* Build configuration list for PBXNativeTarget "DataSource" */ = {
			isa = XCConfigurationList;
			buildConfigurations = (
				D9390A5724C540AF006DCAD0 /* Debug */,
				D9390A5824C540AF006DCAD0 /* Release */,
			);
			defaultConfigurationIsVisible = 0;
			defaultConfigurationName = Release;
		};
/* End XCConfigurationList section */
	};
	rootObject = D9390A3A24C540AC006DCAD0 /* Project object */;
}
